{
  "nodes": {
    "nixpkgs": {
      "locked": {
        "lastModified": 1781208484,
        "narHash": "sha256-8WKZqcGYpmPMgchEWUaPKPKYQWsX/RE6w1fzB6g4dAM=",
        "owner": "nixos",
        "repo": "nixpkgs",
        "rev": "80df7b2c5551462b4d038b489b908317682f94a8",
        "type": "github"
      },
      "original": {
        "owner": "nixos",
        "repo": "nixpkgs",
        "type": "github"
      }
    },
    "root": {
      "inputs": {
        "nixpkgs": "nixpkgs"
      }
    }
  },
  "root": "root",
  "version": 7
}
