{
  "nodes": {
    "nixpkgs": {
      "locked": {
        "lastModified": 1787465414,
        "narHash": "sha256-E4Z4+JNvyrDC4TuVWaTdt2nIoh6DeeQF63KIcgs+TYg=",
        "owner": "nixos",
        "repo": "nixpkgs",
        "rev": "78be17ef31966b515235b18c22a3098adf0fb49c",
        "type": "github"
      },
      "original": {
        "owner": "nixos",
        "repo": "nixpkgs",
        "type": "github"
      }
    },
    "root": {
      "inputs": {
        "nixpkgs": "nixpkgs"
      }
    }
  },
  "root": "root",
  "version": 7
}
