{
  "nodes": {
    "nixpkgs": {
      "locked": {
        "lastModified": 1788779598,
        "narHash": "sha256-VxCvTMmD3UczJiAou1Vqm/b+HG2WZgLoc0mMrW3bAhk=",
        "owner": "nixos",
        "repo": "nixpkgs",
        "rev": "3de571ae869380004f28709084aba04f4ef7d9a2",
        "type": "github"
      },
      "original": {
        "owner": "nixos",
        "repo": "nixpkgs",
        "type": "github"
      }
    },
    "root": {
      "inputs": {
        "nixpkgs": "nixpkgs"
      }
    }
  },
  "root": "root",
  "version": 7
}
