{
  "nodes": {
    "alacritty-graphics.src": {
      "flake": false,
      "locked": {
        "lastModified": 1762214400,
        "narHash": "sha256-Kfxo6bpJM+4/wlPuqrcTcDsahEkH38qVuDPrXt5x5jE=",
        "owner": "ayosec",
        "repo": "alacritty",
        "rev": "39d94d1fe40031265e778cfc021ca896728d5036",
        "type": "github"
      },
      "original": {
        "owner": "ayosec",
        "repo": "alacritty",
        "type": "github"
      }
    },
    "alacritty.src": {
      "flake": false,
      "locked": {
        "lastModified": 1774081508,
        "narHash": "sha256-dZsJV5V1f1GDzqLYv67lOuaYVC1iuJ1QrUWcj7hzK/4=",
        "owner": "alacritty",
        "repo": "alacritty",
        "rev": "48ff32f7c6bbe2c084f1abc39470487510687323",
        "type": "github"
      },
      "original": {
        "owner": "alacritty",
        "repo": "alacritty",
        "type": "github"
      }
    },
    "ananicy-cpp.src": {
      "flake": false,
      "locked": {
        "lastModified": 1774622119,
        "narHash": "sha256-JpdeG9sjyXR1bZXrVJHvJeShHgFBzGMwkZxkX3v1u8U=",
        "owner": "ananicy-cpp",
        "repo": "ananicy-cpp",
        "rev": "a42a187e81a8c02e80bee10b2463d178f08708cf",
        "type": "gitlab"
      },
      "original": {
        "owner": "ananicy-cpp",
        "repo": "ananicy-cpp",
        "type": "gitlab"
      }
    },
    "ananicy-rules-cachyos.src": {
      "flake": false,
      "locked": {
        "lastModified": 1774874714,
        "narHash": "sha256-3hZrVAVG9DpOtYBi7+OR69S1ptemkhtawCMkTfcHpzA=",
        "owner": "CachyOS",
        "repo": "ananicy-rules",
        "rev": "d01428e89805bebc46bb41e905e62d64bd7fcc88",
        "type": "github"
      },
      "original": {
        "owner": "CachyOS",
        "repo": "ananicy-rules",
        "type": "github"
      }
    },
    "appmenu-glib-translator.src": {
      "flake": false,
      "locked": {
        "lastModified": 1764758000,
        "narHash": "sha256-YOyUYw0Q5BSLSACzNPJZKU+1JS4OmWt9VT4L3ophx9I=",
        "owner": "vala-panel-project",
        "repo": "vala-panel-appmenu",
        "rev": "aea4ea398b7c75494f23f5e5bdb4f495d615059f",
        "type": "gitlab"
      },
      "original": {
        "owner": "vala-panel-project",
        "repo": "vala-panel-appmenu",
        "type": "gitlab"
      }
    },
    "bees.src": {
      "flake": false,
      "locked": {
        "lastModified": 1771046587,
        "narHash": "sha256-HmXCQB477AhEo7dormAv+d7jz4cKiQEHQie9VvUqUzM=",
        "owner": "Zygo",
        "repo": "bees",
        "rev": "b8086fb41af052bdadf35dc13382604e246dc12c",
        "type": "github"
      },
      "original": {
        "owner": "Zygo",
        "repo": "bees",
        "type": "github"
      }
    },
    "mesa.src": {
      "flake": false,
      "locked": {
        "host": "gitlab.freedesktop.org",
        "lastModified": 1774874397,
        "narHash": "sha256-rMWJhLefzCsfIgiTvLDH0u29tIjqOaBLaye+TyRj8ek=",
        "owner": "mesa",
        "repo": "mesa",
        "rev": "648dfe88f493cceff80f9ecbfb7f7808ef1f76cf",
        "type": "gitlab"
      },
      "original": {
        "host": "gitlab.freedesktop.org",
        "owner": "mesa",
        "repo": "mesa",
        "type": "gitlab"
      }
    },
    "root": {
      "inputs": {
        "alacritty-graphics.src": "alacritty-graphics.src",
        "alacritty.src": "alacritty.src",
        "ananicy-cpp.src": "ananicy-cpp.src",
        "ananicy-rules-cachyos.src": "ananicy-rules-cachyos.src",
        "appmenu-glib-translator.src": "appmenu-glib-translator.src",
        "bees.src": "bees.src",
        "mesa.src": "mesa.src",
        "wlroots.src": "wlroots.src"
      }
    },
    "wlroots.src": {
      "flake": false,
      "locked": {
        "host": "gitlab.freedesktop.org",
        "lastModified": 1774634947,
        "narHash": "sha256-GPsFqKArQkxqggASWR9jDVu7igPdaujlnw/mNetA6nc=",
        "owner": "wlroots",
        "repo": "wlroots",
        "rev": "334019f839bf0728d958c179aceed67e0e8db66a",
        "type": "gitlab"
      },
      "original": {
        "host": "gitlab.freedesktop.org",
        "owner": "wlroots",
        "repo": "wlroots",
        "type": "gitlab"
      }
    }
  },
  "root": "root",
  "version": 7
}
