{
  "nodes": {
    "alacritty-graphics.src": {
      "flake": false,
      "locked": {
        "lastModified": 1773603701,
        "narHash": "sha256-olE7Xl+MAcb/ILjw2hSfmFRGPb4zT3/QPm2N+bDpEnk=",
        "owner": "ayosec",
        "repo": "alacritty",
        "rev": "3d658d2e280d3456ead5d73be9067ec587ddcc45",
        "type": "github"
      },
      "original": {
        "owner": "ayosec",
        "repo": "alacritty",
        "type": "github"
      }
    },
    "alacritty.src": {
      "flake": false,
      "locked": {
        "lastModified": 1774908255,
        "narHash": "sha256-tMobTBLgL/GDu7oeaOq9X5X7Lo2xpC0ETDlwPumPWdg=",
        "owner": "alacritty",
        "repo": "alacritty",
        "rev": "f99dc71708d31d5c32d4b3fa611f9a87bf22657e",
        "type": "github"
      },
      "original": {
        "owner": "alacritty",
        "repo": "alacritty",
        "type": "github"
      }
    },
    "ananicy-cpp.src": {
      "flake": false,
      "locked": {
        "lastModified": 1774622119,
        "narHash": "sha256-JpdeG9sjyXR1bZXrVJHvJeShHgFBzGMwkZxkX3v1u8U=",
        "owner": "ananicy-cpp",
        "repo": "ananicy-cpp",
        "rev": "a42a187e81a8c02e80bee10b2463d178f08708cf",
        "type": "gitlab"
      },
      "original": {
        "owner": "ananicy-cpp",
        "repo": "ananicy-cpp",
        "type": "gitlab"
      }
    },
    "ananicy-rules-cachyos.src": {
      "flake": false,
      "locked": {
        "lastModified": 1775517626,
        "narHash": "sha256-a0T6KYB6ZpCCIbEIgvkx7mb0iOS75r9aC5xmmhR5/f0=",
        "owner": "CachyOS",
        "repo": "ananicy-rules",
        "rev": "ca5e3e7714eb051de7d70ee0324c11b5cecf10f8",
        "type": "github"
      },
      "original": {
        "owner": "CachyOS",
        "repo": "ananicy-rules",
        "type": "github"
      }
    },
    "appmenu-glib-translator.src": {
      "flake": false,
      "locked": {
        "lastModified": 1764758000,
        "narHash": "sha256-YOyUYw0Q5BSLSACzNPJZKU+1JS4OmWt9VT4L3ophx9I=",
        "owner": "vala-panel-project",
        "repo": "vala-panel-appmenu",
        "rev": "aea4ea398b7c75494f23f5e5bdb4f495d615059f",
        "type": "gitlab"
      },
      "original": {
        "owner": "vala-panel-project",
        "repo": "vala-panel-appmenu",
        "type": "gitlab"
      }
    },
    "bees.src": {
      "flake": false,
      "locked": {
        "lastModified": 1771046587,
        "narHash": "sha256-HmXCQB477AhEo7dormAv+d7jz4cKiQEHQie9VvUqUzM=",
        "owner": "Zygo",
        "repo": "bees",
        "rev": "b8086fb41af052bdadf35dc13382604e246dc12c",
        "type": "github"
      },
      "original": {
        "owner": "Zygo",
        "repo": "bees",
        "type": "github"
      }
    },
    "mesa.src": {
      "flake": false,
      "locked": {
        "host": "gitlab.freedesktop.org",
        "lastModified": 1775586348,
        "narHash": "sha256-z2rprYV7hbBDQ5KupSeutV2wBa0zA6aQjJhQ7Q6d5qw=",
        "owner": "mesa",
        "repo": "mesa",
        "rev": "e5144bcd6ac113346612415cf420bfaf95c6e4ff",
        "type": "gitlab"
      },
      "original": {
        "host": "gitlab.freedesktop.org",
        "owner": "mesa",
        "repo": "mesa",
        "type": "gitlab"
      }
    },
    "root": {
      "inputs": {
        "alacritty-graphics.src": "alacritty-graphics.src",
        "alacritty.src": "alacritty.src",
        "ananicy-cpp.src": "ananicy-cpp.src",
        "ananicy-rules-cachyos.src": "ananicy-rules-cachyos.src",
        "appmenu-glib-translator.src": "appmenu-glib-translator.src",
        "bees.src": "bees.src",
        "mesa.src": "mesa.src",
        "wlroots.src": "wlroots.src"
      }
    },
    "wlroots.src": {
      "flake": false,
      "locked": {
        "host": "gitlab.freedesktop.org",
        "lastModified": 1775554988,
        "narHash": "sha256-aEdSF6HAHfFtXh/HvWjndbIJ50uxNUUWSTKUwAP0fik=",
        "owner": "wlroots",
        "repo": "wlroots",
        "rev": "c393fb6bfa994e18c1f3cecd7cc306b0f6b49191",
        "type": "gitlab"
      },
      "original": {
        "host": "gitlab.freedesktop.org",
        "owner": "wlroots",
        "repo": "wlroots",
        "type": "gitlab"
      }
    }
  },
  "root": "root",
  "version": 7
}
