{
  "nodes": {
    "alacritty-graphics.src": {
      "flake": false,
      "locked": {
        "lastModified": 1773603701,
        "narHash": "sha256-olE7Xl+MAcb/ILjw2hSfmFRGPb4zT3/QPm2N+bDpEnk=",
        "owner": "ayosec",
        "repo": "alacritty",
        "rev": "3d658d2e280d3456ead5d73be9067ec587ddcc45",
        "type": "github"
      },
      "original": {
        "owner": "ayosec",
        "repo": "alacritty",
        "type": "github"
      }
    },
    "alacritty.src": {
      "flake": false,
      "locked": {
        "lastModified": 1776196956,
        "narHash": "sha256-BbVQZDtPC+qhS8wSuo/iQUjU0zpKobgFyXXQoli/3XQ=",
        "owner": "alacritty",
        "repo": "alacritty",
        "rev": "2f03c30283a111bdbfb6ccd7bcb03a6290ba1151",
        "type": "github"
      },
      "original": {
        "owner": "alacritty",
        "repo": "alacritty",
        "type": "github"
      }
    },
    "ananicy-cpp.src": {
      "flake": false,
      "locked": {
        "lastModified": 1774622119,
        "narHash": "sha256-JpdeG9sjyXR1bZXrVJHvJeShHgFBzGMwkZxkX3v1u8U=",
        "owner": "ananicy-cpp",
        "repo": "ananicy-cpp",
        "rev": "a42a187e81a8c02e80bee10b2463d178f08708cf",
        "type": "gitlab"
      },
      "original": {
        "owner": "ananicy-cpp",
        "repo": "ananicy-cpp",
        "type": "gitlab"
      }
    },
    "ananicy-rules-cachyos.src": {
      "flake": false,
      "locked": {
        "lastModified": 1776729574,
        "narHash": "sha256-573QEUCMqHpNAQsZz0NB/jTBsPFZg2P/7krTKbAxc/E=",
        "owner": "CachyOS",
        "repo": "ananicy-rules",
        "rev": "630f52fe41c42e1e4a9b865aa52adcdf95d453b6",
        "type": "github"
      },
      "original": {
        "owner": "CachyOS",
        "repo": "ananicy-rules",
        "type": "github"
      }
    },
    "appmenu-glib-translator.src": {
      "flake": false,
      "locked": {
        "lastModified": 1764758000,
        "narHash": "sha256-YOyUYw0Q5BSLSACzNPJZKU+1JS4OmWt9VT4L3ophx9I=",
        "owner": "vala-panel-project",
        "repo": "vala-panel-appmenu",
        "rev": "aea4ea398b7c75494f23f5e5bdb4f495d615059f",
        "type": "gitlab"
      },
      "original": {
        "owner": "vala-panel-project",
        "repo": "vala-panel-appmenu",
        "type": "gitlab"
      }
    },
    "bees.src": {
      "flake": false,
      "locked": {
        "lastModified": 1771046587,
        "narHash": "sha256-HmXCQB477AhEo7dormAv+d7jz4cKiQEHQie9VvUqUzM=",
        "owner": "Zygo",
        "repo": "bees",
        "rev": "b8086fb41af052bdadf35dc13382604e246dc12c",
        "type": "github"
      },
      "original": {
        "owner": "Zygo",
        "repo": "bees",
        "type": "github"
      }
    },
    "mesa.src": {
      "flake": false,
      "locked": {
        "host": "gitlab.freedesktop.org",
        "lastModified": 1776770186,
        "narHash": "sha256-o+IyKXl8gohlJn2N4mbc/Z9+1AUEKdUemCezqzlhSrU=",
        "owner": "mesa",
        "repo": "mesa",
        "rev": "bddd8b36a6d522d9f7597df0fa5512a1608c73d6",
        "type": "gitlab"
      },
      "original": {
        "host": "gitlab.freedesktop.org",
        "owner": "mesa",
        "repo": "mesa",
        "type": "gitlab"
      }
    },
    "root": {
      "inputs": {
        "alacritty-graphics.src": "alacritty-graphics.src",
        "alacritty.src": "alacritty.src",
        "ananicy-cpp.src": "ananicy-cpp.src",
        "ananicy-rules-cachyos.src": "ananicy-rules-cachyos.src",
        "appmenu-glib-translator.src": "appmenu-glib-translator.src",
        "bees.src": "bees.src",
        "mesa.src": "mesa.src",
        "wlroots.src": "wlroots.src"
      }
    },
    "wlroots.src": {
      "flake": false,
      "locked": {
        "host": "gitlab.freedesktop.org",
        "lastModified": 1776610186,
        "narHash": "sha256-WhmS4xJAj9+RY0FMujYqUyU3gJuJefysPLBaF8kJ2qs=",
        "owner": "wlroots",
        "repo": "wlroots",
        "rev": "70d99eefef44f4c0db1923c5dd89cf7059f5e97a",
        "type": "gitlab"
      },
      "original": {
        "host": "gitlab.freedesktop.org",
        "owner": "wlroots",
        "repo": "wlroots",
        "type": "gitlab"
      }
    }
  },
  "root": "root",
  "version": 7
}
